cookbook 'apt', :locked_version => '1.8.4'
cookbook 'minitest-handler', :git => 'git://github.com/btm/minitest-handler-cookbook.git', :ref => 'e2e99b3866862b7e0348e74099af7b5954cff76b'
cookbook 'graphite', :path => '/Users/clundquist/code/ruby/chef/cookbooks/graphite'
cookbook 'chef_handler', :locked_version => '1.1.4'
cookbook 'python', :locked_version => '1.2.0'
cookbook 'build-essential', :locked_version => '1.3.4'
cookbook 'yum', :locked_version => '2.1.0'
cookbook 'apache2', :locked_version => '1.4.2'
cookbook 'runit', :locked_version => '0.16.2'
cookbook 'memcached', :locked_version => '1.2.0'